github.com/caarlos0/env/v11 v11.1.0 h1:a5qZqieE9ZfzdvbbdhTalRrHT5vu/4V1/ad1Ka6frhI=
github.com/caarlos0/env/v11 v11.1.0/go.mod h1:LwgkYk1kDvfGpHthrWWLof3Ny7PezzFwS4QrsJdHTMo=
github.com/creack/pty v1.1.9/go.mod h1:oKZEueFk5CKHvIhNR5MUki03XCEU+Q6VDXinZuGJ33E=
github.com/davecgh/go-spew v1.1.0/go.mod h1:J7Y8YcW2NihsgmVo/mv3lAwl/skON4iLHjSsI+c5H38=
github.com/davecgh/go-spew v1.1.1 h1:vj9j/u1bqnvCEfJOwUhtlOARqs3+rkHYY13jYWTU97c=
github.com/davecgh/go-spew v1.1.1/go.mod h1:J7Y8YcW2NihsgmVo/mv3lAwl/skON4iLHjSsI+c5H38=
github.com/dyaksa/encryption-pii v1.0.1 h1:WcmkILcoD4JbMmjZRJgLKRSjWHztEYfsXem9E228Cns=
github.com/dyaksa/encryption-pii v1.0.1/go.mod h1:6SQWqaS9uFXrvaRwi/GbYl1YA38XqejIKY6o+Z8jD04=
github.com/dyaksa/encryption-pii v1.0.2 h1:TlItzmGh9m+FtiPI9PXEfN9EoEzb+J9AEVeZbhGOk0U=
github.com/dyaksa/encryption-pii v1.0.2/go.mod h1:SN3V94C9hjfIoxh0lCTbHXkT1CzFpPccoeWLfPn55Nk=
github.com/dyaksa/encryption-pii v1.0.3 h1:5v9Wl3LK5s/VTLjLNYeZBN7ct3wap18nsQU5NOM6reI=
github.com/dyaksa/encryption-pii v1.0.3/go.mod h1:SN3V94C9hjfIoxh0lCTbHXkT1CzFpPccoeWLfPn55Nk=
github.com/dyaksa/encryption-pii v1.0.4 h1:VyuDXwbruGUIXD5Rj5U5DOt8s9mRHxf2lSfAexOGiLY=
github.com/dyaksa/encryption-pii v1.0.4/go.mod h1:SN3V94C9hjfIoxh0lCTbHXkT1CzFpPccoeWLfPn55Nk=
github.com/dyaksa/encryption-pii v1.0.5 h1:bzgxpdunUjbcsh6jesSC8K506s+uPp1jKJFrEMWpz88=
github.com/dyaksa/encryption-pii v1.0.5/go.mod h1:SN3V94C9hjfIoxh0lCTbHXkT1CzFpPccoeWLfPn55Nk=
github.com/dyaksa/encryption-pii v1.0.6 h1:5NdYIJ+8EDNOBRzJT10BKqvBbuibxUx+uoiDcHPp2pU=
github.com/dyaksa/encryption-pii v1.0.6/go.mod h1:SN3V94C9hjfIoxh0lCTbHXkT1CzFpPccoeWLfPn55Nk=
github.com/dyaksa/encryption-pii v1.0.7 h1:othWIFqd7pVKHa9iaFqJWHPZXRV1ESlf3w1FbTM7qd0=
github.com/dyaksa/encryption-pii v1.0.7/go.mod h1:SN3V94C9hjfIoxh0lCTbHXkT1CzFpPccoeWLfPn55Nk=
github.com/dyaksa/encryption-pii v1.0.8 h1:OYWOkb1wMFe6REvOvuQ7sz2dGXU8nqZmv1q6iTxr9Kw=
github.com/dyaksa/encryption-pii v1.0.8/go.mod h1:SN3V94C9hjfIoxh0lCTbHXkT1CzFpPccoeWLfPn55Nk=
github.com/dyaksa/encryption-pii v1.0.9 h1:/5CRWuwUrS1/1HwdCbFf3s2zYgY5yCzXg53ek43AYGY=
github.com/dyaksa/encryption-pii v1.0.9/go.mod h1:SN3V94C9hjfIoxh0lCTbHXkT1CzFpPccoeWLfPn55Nk=
github.com/dyaksa/encryption-pii v1.1.0 h1:MHQeTyZUQectsp5jPTTmVXye5hG2b8DyJZ80v+9y4TE=
github.com/dyaksa/encryption-pii v1.1.0/go.mod h1:SN3V94C9hjfIoxh0lCTbHXkT1CzFpPccoeWLfPn55Nk=
github.com/dyaksa/encryption-pii v1.1.1 h1:UlHUrE3RaTY2ymJfRVX8sEYTMu2Y9Gw90Qn0QsKHkYM=
github.com/dyaksa/encryption-pii v1.1.1/go.mod h1:SN3V94C9hjfIoxh0lCTbHXkT1CzFpPccoeWLfPn55Nk=
github.com/dyaksa/encryption-pii v1.1.2 h1:pcbgDhZKIaazt83qeUiZ19B9999XUTbyVNlbKKVDG2M=
github.com/dyaksa/encryption-pii v1.1.2/go.mod h1:SN3V94C9hjfIoxh0lCTbHXkT1CzFpPccoeWLfPn55Nk=
github.com/dyaksa/encryption-pii v1.1.3 h1:3n85tUWDdBb508sxsIXQAx/NCzBg0xQEwXKAvQBEmLs=
github.com/dyaksa/encryption-pii v1.1.3/go.mod h1:SN3V94C9hjfIoxh0lCTbHXkT1CzFpPccoeWLfPn55Nk=
github.com/dyaksa/encryption-pii v1.1.4 h1:mGF0fJQT2D8+xpmmNirWOVMbOua9fi/r29WERakJfh0=
github.com/dyaksa/encryption-pii v1.1.4/go.mod h1:SN3V94C9hjfIoxh0lCTbHXkT1CzFpPccoeWLfPn55Nk=
github.com/dyaksa/encryption-pii v1.1.5 h1:8AQvacCi7AEaWTS1TTufc5x/JOBj75/TbHgS1+xbUsE=
github.com/dyaksa/encryption-pii v1.1.5/go.mod h1:SN3V94C9hjfIoxh0lCTbHXkT1CzFpPccoeWLfPn55Nk=
github.com/dyaksa/encryption-pii v1.1.6 h1:T0K6wUCEaJK0iZiYKSfw/V8Of+F4CsDVDYqqM6by/vw=
github.com/dyaksa/encryption-pii v1.1.6/go.mod h1:SN3V94C9hjfIoxh0lCTbHXkT1CzFpPccoeWLfPn55Nk=
github.com/dyaksa/encryption-pii v1.1.7 h1:LDxK6aeNpsPW8qWnbMhbisUmyk+uvvtFkzBIGsNqgk0=
github.com/dyaksa/encryption-pii v1.1.7/go.mod h1:SN3V94C9hjfIoxh0lCTbHXkT1CzFpPccoeWLfPn55Nk=
github.com/dyaksa/encryption-pii v1.1.8 h1:pxebtVrBRr2EMIFyubvAXfICAjq9XofZDyySf0qxocI=
github.com/dyaksa/encryption-pii v1.1.8/go.mod h1:SN3V94C9hjfIoxh0lCTbHXkT1CzFpPccoeWLfPn55Nk=
github.com/dyaksa/encryption-pii v1.1.9 h1:7oqlWE41XI+FXfhOV97c8vewdRuOcfPCTQ6MrnW0G6Q=
github.com/dyaksa/encryption-pii v1.1.9/go.mod h1:+KTvyhB7cC8DlPrN0TUSzlJALrr2VjKq/NusVf6iSRY=
github.com/dyaksa/encryption-pii v1.2.0 h1:ul1rIfMwnTwdjdSI2Q0fsegTB7IpDkQ/qp+kCEDgu54=
github.com/dyaksa/encryption-pii v1.2.0/go.mod h1:+KTvyhB7cC8DlPrN0TUSzlJALrr2VjKq/NusVf6iSRY=
github.com/dyaksa/encryption-pii v1.2.1 h1:CT5yLxKHFQ1pi7+JMU1k/QuDT8E+85js7eYi6KaN5ys=
github.com/dyaksa/encryption-pii v1.2.1/go.mod h1:+KTvyhB7cC8DlPrN0TUSzlJALrr2VjKq/NusVf6iSRY=
github.com/dyaksa/encryption-pii v1.3.4 h1:jXbN2Ae2PDwsDIS1fJvJc0/5m/Mt08/OTzOEDzrmJ3Q=
github.com/dyaksa/encryption-pii v1.3.4/go.mod h1:B7pz2eDbhQvqkgztRTzI9LsFWucCkhQXLnAEvDXHOq4=
github.com/dyaksa/encryption-pii v1.3.6 h1:3ZLJzGwNoOZF1DebohJUdkunIz6JhGUddhSqyLdkP0c=
github.com/dyaksa/encryption-pii v1.3.6/go.mod h1:B7pz2eDbhQvqkgztRTzI9LsFWucCkhQXLnAEvDXHOq4=
github.com/dyaksa/encryption-pii v1.3.7 h1:pfc/EeTNs1jFx1jW0suNwiosIH7/cyxRiFf68Kvevgg=
github.com/dyaksa/encryption-pii v1.3.7/go.mod h1:B7pz2eDbhQvqkgztRTzI9LsFWucCkhQXLnAEvDXHOq4=
github.com/dyaksa/encryption-pii v1.3.8 h1:RISvXjCAGjrNnZSSq/IhIohG8mlvQ9r24ei/CAtSEFw=
github.com/dyaksa/encryption-pii v1.3.8/go.mod h1:B7pz2eDbhQvqkgztRTzI9LsFWucCkhQXLnAEvDXHOq4=
github.com/dyaksa/encryption-pii v1.3.9 h1:WUfcHvhLIEAG7gMGm1tmWLV8f28mT+9IiEEf9fku6bQ=
github.com/dyaksa/encryption-pii v1.3.9/go.mod h1:B7pz2eDbhQvqkgztRTzI9LsFWucCkhQXLnAEvDXHOq4=
github.com/go-playground/assert/v2 v2.0.1 h1:MsBgLAaY856+nPRTKrp3/OZK38U/wa0CcBYNjji3q3A=
github.com/go-playground/assert/v2 v2.0.1/go.mod h1:VDjEfimB/XKnb+ZQfWdccd7VUvScMdVu0Titje2rxJ4=
github.com/go-playground/locales v0.14.0 h1:u50s323jtVGugKlcYeyzC0etD1HifMjqmJqb8WugfUU=
github.com/go-playground/locales v0.14.0/go.mod h1:sawfccIbzZTqEDETgFXqTho0QybSa7l++s0DH+LDiLs=
github.com/go-playground/universal-translator v0.18.0 h1:82dyy6p4OuJq4/CByFNOn/jYrnRPArHwAcmLoJZxyho=
github.com/go-playground/universal-translator v0.18.0/go.mod h1:UvRDBj+xPUEGrFYl+lu/H90nyDXpg0fqeB/AQUGNTVA=
github.com/go-playground/validator/v10 v10.11.0 h1:0W+xRM511GY47Yy3bZUbJVitCNg2BOGlCyvTqsp/xIw=
github.com/go-playground/validator/v10 v10.11.0/go.mod h1:i+3WkQ1FvaUjjxh1kSvIA4dMGDBiPU55YFDl0WbKdWU=
github.com/google/go-cmp v0.2.0/go.mod h1:oXzfMopK8JAjlY9xF4vHSVASa0yLyX7SntLO5aqRK0M=
github.com/google/go-cmp v0.6.0 h1:ofyhxvXcZhMsU5ulbFiLKl/XBFqE1GSq7atu8tAmTRI=
github.com/google/go-cmp v0.6.0/go.mod h1:17dUlkBOakJ0+DkrSSNjCkIjxS6bF9zb3elmeNGIjoY=
github.com/google/subcommands v1.0.1/go.mod h1:ZjhPrFU+Olkh9WazFPsl27BQ4UPiG37m3yTrtFlrHVk=
github.com/google/uuid v1.6.0 h1:NIvaJDMOsjHA8n1jAhLSgzrAzy1Hgr+hNrb57e+94F0=
github.com/google/uuid v1.6.0/go.mod h1:TIyPZe4MgqvfeYDBFedMoGGpEw/LqOeaOT+nhxU+yHo=
github.com/google/wire v0.5.0 h1:I7ELFeVBr3yfPIcc8+MWvrjk+3VjbcSzoXm3JVa+jD8=
github.com/google/wire v0.5.0/go.mod h1:ngWDr9Qvq3yZA10YrxfyGELY/AFWGVpy9c1LTRi1EoU=
github.com/joho/godotenv v1.5.1 h1:7eLL/+HRGLY0ldzfGMeQkb7vMd0as4CfYvUVzLqw0N0=
github.com/joho/godotenv v1.5.1/go.mod h1:f4LDr5Voq0i2e/R5DDNOoa2zzDfwtkZa6DnEwAbqwq4=
github.com/julienschmidt/httprouter v1.3.0 h1:U0609e9tgbseu3rBINet9P48AI/D3oJs4dN7jwJOQ1U=
github.com/julienschmidt/httprouter v1.3.0/go.mod h1:JR6WtHb+2LUe8TCKY3cZOxFyyO8IZAc4RVcycCCAKdM=
github.com/kr/pretty v0.1.0/go.mod h1:dAy3ld7l9f0ibDNOQOHHMYYIIbhfbHSm3C4ZsoJORNo=
github.com/kr/pretty v0.2.1/go.mod h1:ipq/a2n7PKx3OHsz4KJII5eveXtPO4qwEXGdVfWzfnI=
github.com/kr/pretty v0.3.0/go.mod h1:640gp4NfQd8pI5XOwp5fnNeVWj67G7CFk/SaSQn7NBk=
github.com/kr/pty v1.1.1/go.mod h1:pFQYn66WHrOpPYNljwOMqo10TkYh1fy3cYio2l3bCsQ=
github.com/kr/text v0.1.0/go.mod h1:4Jbv+DJW3UT/LiOwJeYQe1efqtUx/iVham/4vfdArNI=
github.com/kr/text v0.2.0/go.mod h1:eLer722TekiGuMkidMxC/pM04lWEeraHUUmBw8l2grE=
github.com/leodido/go-urn v1.2.1 h1:BqpAaACuzVSgi/VLzGZIobT2z4v53pjosyNd9Yv6n/w=
github.com/leodido/go-urn v1.2.1/go.mod h1:zt4jvISO2HfUBqxjfIshjdMTYS56ZS/qv49ictyFfxY=
github.com/lib/pq v1.10.9 h1:YXG7RB+JIjhP29X+OtkiDnYaXQwpS4JEWq7dtCCRUEw=
github.com/lib/pq v1.10.9/go.mod h1:AlVN5x4E4T544tWzH6hKfbfQvm3HdbOxrmggDNAPY9o=
github.com/pkg/diff v0.0.0-20210226163009-20ebb0f2a09e/go.mod h1:pJLUxLENpZxwdsKMEsNbx1VGcRFpLqf3715MtcvvzbA=
github.com/pmezard/go-difflib v1.0.0 h1:4DBwDE0NGyQoBHbLQYPwSUPoCMWR5BEzIk/f1lZbAQM=
github.com/pmezard/go-difflib v1.0.0/go.mod h1:iKH77koFhYxTK1pcRnkKkqfTogsbg7gZNVY4sRDYZ/4=
github.com/rogpeppe/go-internal v1.6.1/go.mod h1:xXDCJY+GAPziupqXw64V24skbSoqbTEfhy4qGm1nDQc=
github.com/rogpeppe/go-internal v1.8.0/go.mod h1:WmiCO8CzOY8rg0OYDC4/i/2WRWAB6poM+XZ2dLUbcbE=
github.com/stretchr/objx v0.1.0/go.mod h1:HFkY916IF+rwdDfMAkV7OtwuqBVzrE8GR6GFx+wExME=
github.com/stretchr/objx v0.4.0/go.mod h1:YvHI0jy2hoMjB+UWwv71VJQ9isScKT/TqJzVSSt89Yw=
github.com/stretchr/testify v1.6.1/go.mod h1:6Fq8oRcR53rry900zMqJjRRixrwX3KX962/h/Wwjteg=
github.com/stretchr/testify v1.7.0/go.mod h1:6Fq8oRcR53rry900zMqJjRRixrwX3KX962/h/Wwjteg=
github.com/stretchr/testify v1.7.1/go.mod h1:6Fq8oRcR53rry900zMqJjRRixrwX3KX962/h/Wwjteg=
github.com/stretchr/testify v1.8.0 h1:pSgiaMZlXftHpm5L7V1+rVB+AZJydKsMxsQBIJw4PKk=
github.com/stretchr/testify v1.8.0/go.mod h1:yNjHg4UonilssWZ8iaSj1OCr/vHnekPRkoO+kdMU+MU=
github.com/tink-crypto/tink-go/v2 v2.2.0 h1:L2Da0F2Udh2agtKztdr69mV/KpnY3/lGTkMgLTVIXlA=
github.com/tink-crypto/tink-go/v2 v2.2.0/go.mod h1:JJ6PomeNPF3cJpfWC0lgyTES6zpJILkAX0cJNwlS3xU=
golang.org/x/crypto v0.0.0-20190308221718-c2843e01d9a2/go.mod h1:djNgcEr1/C05ACkg1iLfiJU5Ep61QUkGW8qpdssI0+w=
golang.org/x/crypto v0.0.0-20211215153901-e495a2d5b3d3/go.mod h1:IxCIyHEi3zRg3s0A5j5BB6A9Jmi73HwBIUl50j+osU4=
golang.org/x/crypto v0.20.0 h1:jmAMJJZXr5KiCw05dfYK9QnqaqKLYXijU23lsEdcQqg=
golang.org/x/crypto v0.20.0/go.mod h1:Xwo95rrVNIoSMx9wa1JroENMToLWn3RNVrTBpLHgZPQ=
golang.org/x/net v0.0.0-20190311183353-d8887717615a/go.mod h1:t9HGtf8HONx5eT2rtn7q6eTqICYqUVnKs3thJo3Qplg=
golang.org/x/net v0.0.0-20211112202133-69e39bad7dc2/go.mod h1:9nx3DQGgdP8bBQD5qxJ1jj9UTztislL4KSBs9R2vV5Y=
golang.org/x/sys v0.0.0-20190215142949-d0b11bdaac8a/go.mod h1:STP8DvDyc/dI5b8T5hshtkjS+E42TnysNCUPdjciGhY=
golang.org/x/sys v0.0.0-20201119102817-f84b799fce68/go.mod h1:h1NjWce9XRLGQEsW7wpKNCjG9DtNlClVuFLEZdDNbEs=
golang.org/x/sys v0.0.0-20210423082822-04245dca01da/go.mod h1:h1NjWce9XRLGQEsW7wpKNCjG9DtNlClVuFLEZdDNbEs=
golang.org/x/sys v0.0.0-20210615035016-665e8c7367d1/go.mod h1:oPkhp1MJrh7nUepCBck5+mAzfO9JrbApNNgaTdGDITg=
golang.org/x/sys v0.0.0-20210806184541-e5e7981a1069/go.mod h1:oPkhp1MJrh7nUepCBck5+mAzfO9JrbApNNgaTdGDITg=
golang.org/x/sys v0.17.0 h1:25cE3gD+tdBA7lp7QfhuV+rJiE9YXTcS3VG1SqssI/Y=
golang.org/x/sys v0.17.0/go.mod h1:/VUhepiaJMQUp4+oa/7Zr1D23ma6VTLIYjOOTFZPUcA=
golang.org/x/term v0.0.0-20201126162022-7de9c90e9dd1/go.mod h1:bj7SfCRtBDWHUb9snDiAeCFNEtKQo2Wmx5Cou7ajbmo=
golang.org/x/text v0.3.0/go.mod h1:NqM8EUOU14njkJ3fqMW+pc6Ldnwhi/IjpwHt7yyuwOQ=
golang.org/x/text v0.3.6/go.mod h1:5Zoc/QRtKVWzQhOtBMvqHzDpF6irO9z98xDceosuGiQ=
golang.org/x/text v0.3.7/go.mod h1:u+2+/6zg+i71rQMx5EYifcz6MCKuco9NR6JIITiCfzQ=
golang.org/x/text v0.14.0 h1:ScX5w1eTa3QqT8oi6+ziP7dTV1S2+ALU0bI+0zXKWiQ=
golang.org/x/text v0.14.0/go.mod h1:18ZOQIKpY8NJVqYksKHtTdi31H5itFRjB5/qKTNYzSU=
golang.org/x/tools v0.0.0-20180917221912-90fa682c2a6e/go.mod h1:n7NCudcB/nEzxVGmLbDWY5pfWTLqBcC2KZ6jyYvM4mQ=
golang.org/x/tools v0.0.0-20190422233926-fe54fb35175b/go.mod h1:LCzVGOaR6xXOjkQ3onu1FJEFr0SW1gC7cKk1uF8kGRs=
google.golang.org/protobuf v1.33.0 h1:uNO2rsAINq/JlFpSdYEKIZ0uKD/R9cpdv0T+yoGwGmI=
google.golang.org/protobuf v1.33.0/go.mod h1:c6P6GXX6sHbq/GpV6MGZEdwhWPcYBgnhAHhKbcUYpos=
gopkg.in/check.v1 v0.0.0-20161208181325-20d25e280405/go.mod h1:Co6ibVJAznAaIkqp8huTwlJQCZ016jof/cbN4VW5Yz0=
gopkg.in/check.v1 v1.0.0-20180628173108-788fd7840127/go.mod h1:Co6ibVJAznAaIkqp8huTwlJQCZ016jof/cbN4VW5Yz0=
gopkg.in/check.v1 v1.0.0-20201130134442-10cb98267c6c/go.mod h1:JHkPIbrfpd72SG/EVd6muEfDQjcINNoR0C8j2r3qZ4Q=
gopkg.in/errgo.v2 v2.1.0/go.mod h1:hNsd1EY+bozCKY1Ytp96fpM3vjJbqLJn88ws8XvfDNI=
gopkg.in/yaml.v3 v3.0.0-20200313102051-9f266ea9e77c/go.mod h1:K4uyk7z7BCEPqu6E+C64Yfv1cQ7kz7rIZviUmN+EgEM=
gopkg.in/yaml.v3 v3.0.0-20210107192922-496545a6307b/go.mod h1:K4uyk7z7BCEPqu6E+C64Yfv1cQ7kz7rIZviUmN+EgEM=
gopkg.in/yaml.v3 v3.0.1 h1:fxVm/GzAzEWqLHuvctI91KS9hhNmmWOoWu0XTYJS7CA=
gopkg.in/yaml.v3 v3.0.1/go.mod h1:K4uyk7z7BCEPqu6E+C64Yfv1cQ7kz7rIZviUmN+EgEM=
